
Microsoft Visual Studio Solution File, Format Version 12.00
# Visual Studio Version 17
VisualStudioVersion = 17.7.34221.43
MinimumVisualStudioVersion = 10.0.40219.1
Project("{FAE04EC0-301F-11D3-BF4B-00C04F79EFBC}") = "demowebapi", "demowebapi\demowebapi.csproj", "{F415FD82-160E-48F3-9448-844F1B0F1798}"
EndProject
Project("{FAE04EC0-301F-11D3-BF4B-00C04F79EFBC}") = "TestProject1", "TestProject1\TestProject1.csproj", "{B92DD043-C746-45AB-AFE2-F47E19335480}"
EndProject
Global
	GlobalSection(SolutionConfigurationPlatforms) = preSolution
		Debug|Any CPU = Debug|Any CPU
		Release|Any CPU = Release|Any CPU
	EndGlobalSection
	GlobalSection(ProjectConfigurationPlatforms) = postSolution
		{F415FD82-160E-48F3-9448-844F1B0F1798}.Debug|Any CPU.ActiveCfg = Debug|Any CPU
		{F415FD82-160E-48F3-9448-844F1B0F1798}.Debug|Any CPU.Build.0 = Debug|Any CPU
		{F415FD82-160E-48F3-9448-844F1B0F1798}.Release|Any CPU.ActiveCfg = Release|Any CPU
		{F415FD82-160E-48F3-9448-844F1B0F1798}.Release|Any CPU.Build.0 = Release|Any CPU
		{B92DD043-C746-45AB-AFE2-F47E19335480}.Debug|Any CPU.ActiveCfg = Debug|Any CPU
		{B92DD043-C746-45AB-AFE2-F47E19335480}.Debug|Any CPU.Build.0 = Debug|Any CPU
		{B92DD043-C746-45AB-AFE2-F47E19335480}.Release|Any CPU.ActiveCfg = Release|Any CPU
		{B92DD043-C746-45AB-AFE2-F47E19335480}.Release|Any CPU.Build.0 = Release|Any CPU
	EndGlobalSection
	GlobalSection(SolutionProperties) = preSolution
		HideSolutionNode = FALSE
	EndGlobalSection
	GlobalSection(ExtensibilityGlobals) = postSolution
		SolutionGuid = {3BE9417C-0C71-4D48-9112-5E13C3E8F00E}
	EndGlobalSection
EndGlobal
